
Microsoft Visual Studio Solution File, Format Version 12.00
# Visual Studio 14
VisualStudioVersion = 14.0.25420.1
MinimumVisualStudioVersion = 10.0.40219.1
Project("{FAE04EC0-301F-11D3-BF4B-00C04F79EFBC}") = "NeuronalMathematics", "NeuronalMathematics\NeuronalMathematics.csproj", "{2C32A5FC-AE5A-47DA-AEBB-16AF3AA64A91}"
EndProject
Project("{FAE04EC0-301F-11D3-BF4B-00C04F79EFBC}") = "Interfaces", "Interfaces\Interfaces.csproj", "{D963AF5E-D503-42CA-82BD-9674EDCC183D}"
EndProject
Project("{FAE04EC0-301F-11D3-BF4B-00C04F79EFBC}") = "Maths", "Maths\Maths.csproj", "{CC3A140A-CBBC-449C-8603-5D85582016F4}"
EndProject
Project("{FAE04EC0-301F-11D3-BF4B-00C04F79EFBC}") = "PersistantModel", "PersistantModel\PersistantModel.csproj", "{0A60B16C-0DE7-42F7-B1CE-4DBF9DF65632}"
EndProject
Project("{2150E333-8FDC-42A3-9474-1A3956D46DE8}") = "Solution Items", "Solution Items", "{12D24CBB-22FA-40DD-AF00-F1ADDA52611C}"
	ProjectSection(SolutionItems) = preProject
		SP-Check-Type.docx = SP-Check-Type.docx
		SP-Data-class.docx = SP-Data-class.docx
		..\..\..\Documents\Visual Studio 2015\Projects\NeuronalMathematics\SP-Distribution.docx = ..\..\..\Documents\Visual Studio 2015\Projects\NeuronalMathematics\SP-Distribution.docx
		SP-Element-Nom.docx = SP-Element-Nom.docx
		SP-Key-Type.docx = SP-Key-Type.docx
		SP-Neurone-Command.docx = SP-Neurone-Command.docx
		SP-Nommage-neurone.docx = SP-Nommage-neurone.docx
		SP-Operation-ar.docx = SP-Operation-ar.docx
		SP-Serialization.docx = SP-Serialization.docx
		Toutes les fonctionnalités (dégroupé).xlsx = Toutes les fonctionnalités (dégroupé).xlsx
	EndProjectSection
EndProject
Global
	GlobalSection(SolutionConfigurationPlatforms) = preSolution
		Debug|Any CPU = Debug|Any CPU
		Release|Any CPU = Release|Any CPU
	EndGlobalSection
	GlobalSection(ProjectConfigurationPlatforms) = postSolution
		{2C32A5FC-AE5A-47DA-AEBB-16AF3AA64A91}.Debug|Any CPU.ActiveCfg = Debug|Any CPU
		{2C32A5FC-AE5A-47DA-AEBB-16AF3AA64A91}.Debug|Any CPU.Build.0 = Debug|Any CPU
		{2C32A5FC-AE5A-47DA-AEBB-16AF3AA64A91}.Release|Any CPU.ActiveCfg = Release|Any CPU
		{2C32A5FC-AE5A-47DA-AEBB-16AF3AA64A91}.Release|Any CPU.Build.0 = Release|Any CPU
		{D963AF5E-D503-42CA-82BD-9674EDCC183D}.Debug|Any CPU.ActiveCfg = Debug|Any CPU
		{D963AF5E-D503-42CA-82BD-9674EDCC183D}.Debug|Any CPU.Build.0 = Debug|Any CPU
		{D963AF5E-D503-42CA-82BD-9674EDCC183D}.Release|Any CPU.ActiveCfg = Release|Any CPU
		{D963AF5E-D503-42CA-82BD-9674EDCC183D}.Release|Any CPU.Build.0 = Release|Any CPU
		{CC3A140A-CBBC-449C-8603-5D85582016F4}.Debug|Any CPU.ActiveCfg = Debug|Any CPU
		{CC3A140A-CBBC-449C-8603-5D85582016F4}.Debug|Any CPU.Build.0 = Debug|Any CPU
		{CC3A140A-CBBC-449C-8603-5D85582016F4}.Release|Any CPU.ActiveCfg = Release|Any CPU
		{CC3A140A-CBBC-449C-8603-5D85582016F4}.Release|Any CPU.Build.0 = Release|Any CPU
		{0A60B16C-0DE7-42F7-B1CE-4DBF9DF65632}.Debug|Any CPU.ActiveCfg = Debug|Any CPU
		{0A60B16C-0DE7-42F7-B1CE-4DBF9DF65632}.Debug|Any CPU.Build.0 = Debug|Any CPU
		{0A60B16C-0DE7-42F7-B1CE-4DBF9DF65632}.Release|Any CPU.ActiveCfg = Release|Any CPU
		{0A60B16C-0DE7-42F7-B1CE-4DBF9DF65632}.Release|Any CPU.Build.0 = Release|Any CPU
	EndGlobalSection
	GlobalSection(SolutionProperties) = preSolution
		HideSolutionNode = FALSE
	EndGlobalSection
EndGlobal
