
Microsoft Visual Studio Solution File, Format Version 12.00
# Visual Studio 2013
VisualStudioVersion = 12.0.31101.0
MinimumVisualStudioVersion = 10.0.40219.1
Project("{FAE04EC0-301F-11D3-BF4B-00C04F79EFBC}") = "NeuronalMathematics", "NeuronalMathematics\NeuronalMathematics.csproj", "{2C32A5FC-AE5A-47DA-AEBB-16AF3AA64A91}"
EndProject
Project("{FAE04EC0-301F-11D3-BF4B-00C04F79EFBC}") = "Interfaces", "Interfaces\Interfaces.csproj", "{D963AF5E-D503-42CA-82BD-9674EDCC183D}"
EndProject
Project("{FAE04EC0-301F-11D3-BF4B-00C04F79EFBC}") = "Maths", "Maths\Maths.csproj", "{CC3A140A-CBBC-449C-8603-5D85582016F4}"
EndProject
Project("{FAE04EC0-301F-11D3-BF4B-00C04F79EFBC}") = "PersistantModel", "PersistantModel\PersistantModel.csproj", "{0A60B16C-0DE7-42F7-B1CE-4DBF9DF65632}"
EndProject
Project("{2150E333-8FDC-42A3-9474-1A3956D46DE8}") = "Specifications", "Specifications", "{12D24CBB-22FA-40DD-AF00-F1ADDA52611C}"
	ProjectSection(SolutionItems) = preProject
		..\..\..\Downloads\licence.md = ..\..\..\Downloads\licence.md
		README.md = README.md
		Specifications\SP-Check-Type.docx = Specifications\SP-Check-Type.docx
		Specifications\SP-Commutatif.docx = Specifications\SP-Commutatif.docx
		Specifications\SP-Data-class.docx = Specifications\SP-Data-class.docx
		Specifications\SP-Distribution.docx = Specifications\SP-Distribution.docx
		Specifications\SP-Element-Nom.docx = Specifications\SP-Element-Nom.docx
		Specifications\SP-Factorisation.docx = Specifications\SP-Factorisation.docx
		Specifications\SP-Heuristique.docx = Specifications\SP-Heuristique.docx
		Specifications\SP-Inversion.docx = Specifications\SP-Inversion.docx
		Specifications\SP-Key-Type.docx = Specifications\SP-Key-Type.docx
		Specifications\SP-Neurone-Command.docx = Specifications\SP-Neurone-Command.docx
		Specifications\SP-Nommage-neurone.docx = Specifications\SP-Nommage-neurone.docx
		Specifications\SP-Operation-ar.docx = Specifications\SP-Operation-ar.docx
		Specifications\SP-Resolve.docx = Specifications\SP-Resolve.docx
		Specifications\SP-Serialization.docx = Specifications\SP-Serialization.docx
		Specifications\SP-Traversal.docx = Specifications\SP-Traversal.docx
		Specifications\Toutes les fonctionnalités (dégroupé).xlsx = Specifications\Toutes les fonctionnalités (dégroupé).xlsx
	EndProjectSection
EndProject
Project("{2150E333-8FDC-42A3-9474-1A3956D46DE8}") = "Code", "Code", "{7235E1D1-1971-40F9-A602-97D2F4F371E7}"
EndProject
Project("{2150E333-8FDC-42A3-9474-1A3956D46DE8}") = "Rights", "Rights", "{EC05D313-70F5-4FD8-9E9B-682B7120919F}"
	ProjectSection(SolutionItems) = preProject
		..\..\..\Downloads\licence.md = ..\..\..\Downloads\licence.md
		README.md = README.md
	EndProjectSection
EndProject
Global
	GlobalSection(SolutionConfigurationPlatforms) = preSolution
		Debug|Any CPU = Debug|Any CPU
		Release|Any CPU = Release|Any CPU
	EndGlobalSection
	GlobalSection(ProjectConfigurationPlatforms) = postSolution
		{2C32A5FC-AE5A-47DA-AEBB-16AF3AA64A91}.Debug|Any CPU.ActiveCfg = Debug|Any CPU
		{2C32A5FC-AE5A-47DA-AEBB-16AF3AA64A91}.Debug|Any CPU.Build.0 = Debug|Any CPU
		{2C32A5FC-AE5A-47DA-AEBB-16AF3AA64A91}.Release|Any CPU.ActiveCfg = Release|Any CPU
		{2C32A5FC-AE5A-47DA-AEBB-16AF3AA64A91}.Release|Any CPU.Build.0 = Release|Any CPU
		{D963AF5E-D503-42CA-82BD-9674EDCC183D}.Debug|Any CPU.ActiveCfg = Debug|Any CPU
		{D963AF5E-D503-42CA-82BD-9674EDCC183D}.Debug|Any CPU.Build.0 = Debug|Any CPU
		{D963AF5E-D503-42CA-82BD-9674EDCC183D}.Release|Any CPU.ActiveCfg = Release|Any CPU
		{D963AF5E-D503-42CA-82BD-9674EDCC183D}.Release|Any CPU.Build.0 = Release|Any CPU
		{CC3A140A-CBBC-449C-8603-5D85582016F4}.Debug|Any CPU.ActiveCfg = Debug|Any CPU
		{CC3A140A-CBBC-449C-8603-5D85582016F4}.Debug|Any CPU.Build.0 = Debug|Any CPU
		{CC3A140A-CBBC-449C-8603-5D85582016F4}.Release|Any CPU.ActiveCfg = Release|Any CPU
		{CC3A140A-CBBC-449C-8603-5D85582016F4}.Release|Any CPU.Build.0 = Release|Any CPU
		{0A60B16C-0DE7-42F7-B1CE-4DBF9DF65632}.Debug|Any CPU.ActiveCfg = Debug|Any CPU
		{0A60B16C-0DE7-42F7-B1CE-4DBF9DF65632}.Debug|Any CPU.Build.0 = Debug|Any CPU
		{0A60B16C-0DE7-42F7-B1CE-4DBF9DF65632}.Release|Any CPU.ActiveCfg = Release|Any CPU
		{0A60B16C-0DE7-42F7-B1CE-4DBF9DF65632}.Release|Any CPU.Build.0 = Release|Any CPU
	EndGlobalSection
	GlobalSection(SolutionProperties) = preSolution
		HideSolutionNode = FALSE
	EndGlobalSection
EndGlobal
